// !$*UTF8*$!
{
	archiveVersion = 1;
	classes = {
	};
	objectVersion = 48;
	objects = {

/* Begin PBXBuildFile section */
		B019B1D0204963140042F27A /* FavoriteMoviesTableViewController.swift in Sources */ = {isa = PBXBuildFile; fileRef = B019B1CF204963140042F27A /* FavoriteMoviesTableViewController.swift */; };
		B019B1D22049B5720042F27A /* CustomUIView.swift in Sources */ = {isa = PBXBuildFile; fileRef = B019B1D12049B5720042F27A /* CustomUIView.swift */; };
		B0E202DF2048045B00600E2E /* AppDelegate.swift in Sources */ = {isa = PBXBuildFile; fileRef = B0E202DE2048045B00600E2E /* AppDelegate.swift */; };
		B0E202E12048045B00600E2E /* ViewController.swift in Sources */ = {isa = PBXBuildFile; fileRef = B0E202E02048045B00600E2E /* ViewController.swift */; };
		B0E202E42048045B00600E2E /* Main.storyboard in Resources */ = {isa = PBXBuildFile; fileRef = B0E202E22048045B00600E2E /* Main.storyboard */; };
		B0E202E62048045B00600E2E /* Assets.xcassets in Resources */ = {isa = PBXBuildFile; fileRef = B0E202E52048045B00600E2E /* Assets.xcassets */; };
		B0E202E92048045B00600E2E /* LaunchScreen.storyboard in Resources */ = {isa = PBXBuildFile; fileRef = B0E202E72048045B00600E2E /* LaunchScreen.storyboard */; };
		B0E202F12048088300600E2E /* Movie.swift in Sources */ = {isa = PBXBuildFile; fileRef = B0E202F02048088300600E2E /* Movie.swift */; };
		B0E202F320480CCD00600E2E /* NetworkService.swift in Sources */ = {isa = PBXBuildFile; fileRef = B0E202F220480CCD00600E2E /* NetworkService.swift */; };
		B0E202F92048453F00600E2E /* MovieDetailViewController.swift in Sources */ = {isa = PBXBuildFile; fileRef = B0E202F82048453F00600E2E /* MovieDetailViewController.swift */; };
		B0E202FB20486EF500600E2E /* JSONRoot.swift in Sources */ = {isa = PBXBuildFile; fileRef = B0E202FA20486EF500600E2E /* JSONRoot.swift */; };
		B0E202FF204955C900600E2E /* MovieTableViewCell.swift in Sources */ = {isa = PBXBuildFile; fileRef = B0E202FE204955C900600E2E /* MovieTableViewCell.swift */; };
		EF011AACE5A7DCD8722FCD62 /* Pods_MovieBrowser.framework in Frameworks */ = {isa = PBXBuildFile; fileRef = 33C3FE5D7E236F33338B7B0D /* Pods_MovieBrowser.framework */; };
/* End PBXBuildFile section */

/* Begin PBXFileReference section */
		33C3FE5D7E236F33338B7B0D /* Pods_MovieBrowser.framework */ = {isa = PBXFileReference; explicitFileType = wrapper.framework; includeInIndex = 0; path = Pods_MovieBrowser.framework; sourceTree = BUILT_PRODUCTS_DIR; };
		B019B1CF204963140042F27A /* FavoriteMoviesTableViewController.swift */ = {isa = PBXFileReference; fileEncoding = 4; lastKnownFileType = sourcecode.swift; path = FavoriteMoviesTableViewController.swift; sourceTree = "<group>"; };
		B019B1D12049B5720042F27A /* CustomUIView.swift */ = {isa = PBXFileReference; lastKnownFileType = sourcecode.swift; path = CustomUIView.swift; sourceTree = "<group>"; };
		B0E202DB2048045B00600E2E /* MovieBrowser.app */ = {isa = PBXFileReference; explicitFileType = wrapper.application; includeInIndex = 0; path = MovieBrowser.app; sourceTree = BUILT_PRODUCTS_DIR; };
		B0E202DE2048045B00600E2E /* AppDelegate.swift */ = {isa = PBXFileReference; lastKnownFileType = sourcecode.swift; path = AppDelegate.swift; sourceTree = "<group>"; };
		B0E202E02048045B00600E2E /* ViewController.swift */ = {isa = PBXFileReference; lastKnownFileType = sourcecode.swift; path = ViewController.swift; sourceTree = "<group>"; };
		B0E202E32048045B00600E2E /* Base */ = {isa = PBXFileReference; lastKnownFileType = file.storyboard; name = Base; path = Base.lproj/Main.storyboard; sourceTree = "<group>"; };
		B0E202E52048045B00600E2E /* Assets.xcassets */ = {isa = PBXFileReference; lastKnownFileType = folder.assetcatalog; path = Assets.xcassets; sourceTree = "<group>"; };
		B0E202E82048045B00600E2E /* Base */ = {isa = PBXFileReference; lastKnownFileType = file.storyboard; name = Base; path = Base.lproj/LaunchScreen.storyboard; sourceTree = "<group>"; };
		B0E202EA2048045B00600E2E /* Info.plist */ = {isa = PBXFileReference; lastKnownFileType = text.plist.xml; path = Info.plist; sourceTree = "<group>"; };
		B0E202F02048088300600E2E /* Movie.swift */ = {isa = PBXFileReference; lastKnownFileType = sourcecode.swift; path = Movie.swift; sourceTree = "<group>"; };
		B0E202F220480CCD00600E2E /* NetworkService.swift */ = {isa = PBXFileReference; lastKnownFileType = sourcecode.swift; path = NetworkService.swift; sourceTree = "<group>"; };
		B0E202F82048453F00600E2E /* MovieDetailViewController.swift */ = {isa = PBXFileReference; lastKnownFileType = sourcecode.swift; path = MovieDetailViewController.swift; sourceTree = "<group>"; };
		B0E202FA20486EF500600E2E /* JSONRoot.swift */ = {isa = PBXFileReference; lastKnownFileType = sourcecode.swift; path = JSONRoot.swift; sourceTree = "<group>"; };
		B0E202FE204955C900600E2E /* MovieTableViewCell.swift */ = {isa = PBXFileReference; lastKnownFileType = sourcecode.swift; path = MovieTableViewCell.swift; sourceTree = "<group>"; };
		C35F51279BB342E8E4601AF8 /* Pods-MovieBrowser.release.xcconfig */ = {isa = PBXFileReference; includeInIndex = 1; lastKnownFileType = text.xcconfig; name = "Pods-MovieBrowser.release.xcconfig"; path = "Pods/Target Support Files/Pods-MovieBrowser/Pods-MovieBrowser.release.xcconfig"; sourceTree = "<group>"; };
		F2D1D26E8A816BD7098FE904 /* Pods-MovieBrowser.debug.xcconfig */ = {isa = PBXFileReference; includeInIndex = 1; lastKnownFileType = text.xcconfig; name = "Pods-MovieBrowser.debug.xcconfig"; path = "Pods/Target Support Files/Pods-MovieBrowser/Pods-MovieBrowser.debug.xcconfig"; sourceTree = "<group>"; };
/* End PBXFileReference section */

/* Begin PBXFrameworksBuildPhase section */
		B0E202D82048045B00600E2E /* Frameworks */ = {
			isa = PBXFrameworksBuildPhase;
			buildActionMask = 2147483647;
			files = (
				EF011AACE5A7DCD8722FCD62 /* Pods_MovieBrowser.framework in Frameworks */,
			);
			runOnlyForDeploymentPostprocessing = 0;
		};
/* End PBXFrameworksBuildPhase section */

/* Begin PBXGroup section */
		0C5633F5F1F541CDDF5C3F96 /* Frameworks */ = {
			isa = PBXGroup;
			children = (
				33C3FE5D7E236F33338B7B0D /* Pods_MovieBrowser.framework */,
			);
			name = Frameworks;
			sourceTree = "<group>";
		};
		B0E202D22048045B00600E2E = {
			isa = PBXGroup;
			children = (
				B0E202DD2048045B00600E2E /* MovieBrowser */,
				B0E202DC2048045B00600E2E /* Products */,
				B57859954BBA886C444CE584 /* Pods */,
				0C5633F5F1F541CDDF5C3F96 /* Frameworks */,
			);
			sourceTree = "<group>";
		};
		B0E202DC2048045B00600E2E /* Products */ = {
			isa = PBXGroup;
			children = (
				B0E202DB2048045B00600E2E /* MovieBrowser.app */,
			);
			name = Products;
			sourceTree = "<group>";
		};
		B0E202DD2048045B00600E2E /* MovieBrowser */ = {
			isa = PBXGroup;
			children = (
				B0E20300204955DB00600E2E /* View */,
				B0E202F7204841BB00600E2E /* Service */,
				B0E202F420480DD900600E2E /* Model */,
				B0E202DE2048045B00600E2E /* AppDelegate.swift */,
				B0E202E02048045B00600E2E /* ViewController.swift */,
				B0E202E22048045B00600E2E /* Main.storyboard */,
				B0E202E52048045B00600E2E /* Assets.xcassets */,
				B0E202E72048045B00600E2E /* LaunchScreen.storyboard */,
				B0E202EA2048045B00600E2E /* Info.plist */,
				B0E202F82048453F00600E2E /* MovieDetailViewController.swift */,
				B019B1CF204963140042F27A /* FavoriteMoviesTableViewController.swift */,
			);
			path = MovieBrowser;
			sourceTree = "<group>";
		};
		B0E202F420480DD900600E2E /* Model */ = {
			isa = PBXGroup;
			children = (
				B0E202F02048088300600E2E /* Movie.swift */,
				B0E202FA20486EF500600E2E /* JSONRoot.swift */,
			);
			path = Model;
			sourceTree = "<group>";
		};
		B0E202F7204841BB00600E2E /* Service */ = {
			isa = PBXGroup;
			children = (
				B0E202F220480CCD00600E2E /* NetworkService.swift */,
			);
			path = Service;
			sourceTree = "<group>";
		};
		B0E20300204955DB00600E2E /* View */ = {
			isa = PBXGroup;
			children = (
				B0E202FE204955C900600E2E /* MovieTableViewCell.swift */,
				B019B1D12049B5720042F27A /* CustomUIView.swift */,
			);
			path = View;
			sourceTree = "<group>";
		};
		B57859954BBA886C444CE584 /* Pods */ = {
			isa = PBXGroup;
			children = (
				F2D1D26E8A816BD7098FE904 /* Pods-MovieBrowser.debug.xcconfig */,
				C35F51279BB342E8E4601AF8 /* Pods-MovieBrowser.release.xcconfig */,
			);
			name = Pods;
			sourceTree = "<group>";
		};
/* End PBXGroup section */

/* Begin PBXNativeTarget section */
		B0E202DA2048045B00600E2E /* MovieBrowser */ = {
			isa = PBXNativeTarget;
			buildConfigurationList = B0E202ED2048045B00600E2E /* Build configuration list for PBXNativeTarget "MovieBrowser" */;
			buildPhases = (
				11092C1F26EDC46FF057EE15 /* [CP] Check Pods Manifest.lock */,
				B0E202D72048045B00600E2E /* Sources */,
				B0E202D82048045B00600E2E /* Frameworks */,
				B0E202D92048045B00600E2E /* Resources */,
				1E46EDC0625FD5C6A4351BD7 /* [CP] Embed Pods Frameworks */,
				0A7035910B12614B41EA24DC /* [CP] Copy Pods Resources */,
			);
			buildRules = (
			);
			dependencies = (
			);
			name = MovieBrowser;
			productName = MovieBrowser;
			productReference = B0E202DB2048045B00600E2E /* MovieBrowser.app */;
			productType = "com.apple.product-type.application";
		};
/* End PBXNativeTarget section */

/* Begin PBXProject section */
		B0E202D32048045B00600E2E /* Project object */ = {
			isa = PBXProject;
			attributes = {
				LastSwiftUpdateCheck = 0920;
				LastUpgradeCheck = 0920;
				ORGANIZATIONNAME = "Abdellah LHASSANI";
				TargetAttributes = {
					B0E202DA2048045B00600E2E = {
						CreatedOnToolsVersion = 9.2;
						ProvisioningStyle = Automatic;
					};
				};
			};
			buildConfigurationList = B0E202D62048045B00600E2E /* Build configuration list for PBXProject "MovieBrowser" */;
			compatibilityVersion = "Xcode 8.0";
			developmentRegion = en;
			hasScannedForEncodings = 0;
			knownRegions = (
				en,
				Base,
			);
			mainGroup = B0E202D22048045B00600E2E;
			productRefGroup = B0E202DC2048045B00600E2E /* Products */;
			projectDirPath = "";
			projectRoot = "";
			targets = (
				B0E202DA2048045B00600E2E /* MovieBrowser */,
			);
		};
/* End PBXProject section */

/* Begin PBXResourcesBuildPhase section */
		B0E202D92048045B00600E2E /* Resources */ = {
			isa = PBXResourcesBuildPhase;
			buildActionMask = 2147483647;
			files = (
				B0E202E92048045B00600E2E /* LaunchScreen.storyboard in Resources */,
				B0E202E62048045B00600E2E /* Assets.xcassets in Resources */,
				B0E202E42048045B00600E2E /* Main.storyboard in Resources */,
			);
			runOnlyForDeploymentPostprocessing = 0;
		};
/* End PBXResourcesBuildPhase section */

/* Begin PBXShellScriptBuildPhase section */
		0A7035910B12614B41EA24DC /* [CP] Copy Pods Resources */ = {
			isa = PBXShellScriptBuildPhase;
			buildActionMask = 2147483647;
			files = (
			);
			inputPaths = (
			);
			name = "[CP] Copy Pods Resources";
			outputPaths = (
			);
			runOnlyForDeploymentPostprocessing = 0;
			shellPath = /bin/sh;
			shellScript = "\"${SRCROOT}/Pods/Target Support Files/Pods-MovieBrowser/Pods-MovieBrowser-resources.sh\"\n";
			showEnvVarsInLog = 0;
		};
		11092C1F26EDC46FF057EE15 /* [CP] Check Pods Manifest.lock */ = {
			isa = PBXShellScriptBuildPhase;
			buildActionMask = 2147483647;
			files = (
			);
			inputPaths = (
				"${PODS_PODFILE_DIR_PATH}/Podfile.lock",
				"${PODS_ROOT}/Manifest.lock",
			);
			name = "[CP] Check Pods Manifest.lock";
			outputPaths = (
				"$(DERIVED_FILE_DIR)/Pods-MovieBrowser-checkManifestLockResult.txt",
			);
			runOnlyForDeploymentPostprocessing = 0;
			shellPath = /bin/sh;
			shellScript = "diff \"${PODS_PODFILE_DIR_PATH}/Podfile.lock\" \"${PODS_ROOT}/Manifest.lock\" > /dev/null\nif [ $? != 0 ] ; then\n    # print error to STDERR\n    echo \"error: The sandbox is not in sync with the Podfile.lock. Run 'pod install' or update your CocoaPods installation.\" >&2\n    exit 1\nfi\n# This output is used by Xcode 'outputs' to avoid re-running this script phase.\necho \"SUCCESS\" > \"${SCRIPT_OUTPUT_FILE_0}\"\n";
			showEnvVarsInLog = 0;
		};
		1E46EDC0625FD5C6A4351BD7 /* [CP] Embed Pods Frameworks */ = {
			isa = PBXShellScriptBuildPhase;
			buildActionMask = 2147483647;
			files = (
			);
			inputPaths = (
				"${SRCROOT}/Pods/Target Support Files/Pods-MovieBrowser/Pods-MovieBrowser-frameworks.sh",
				"${BUILT_PRODUCTS_DIR}/Alamofire/Alamofire.framework",
				"${BUILT_PRODUCTS_DIR}/AlamofireImage/AlamofireImage.framework",
			);
			name = "[CP] Embed Pods Frameworks";
			outputPaths = (
				"${TARGET_BUILD_DIR}/${FRAMEWORKS_FOLDER_PATH}/Alamofire.framework",
				"${TARGET_BUILD_DIR}/${FRAMEWORKS_FOLDER_PATH}/AlamofireImage.framework",
			);
			runOnlyForDeploymentPostprocessing = 0;
			shellPath = /bin/sh;
			shellScript = "\"${SRCROOT}/Pods/Target Support Files/Pods-MovieBrowser/Pods-MovieBrowser-frameworks.sh\"\n";
			showEnvVarsInLog = 0;
		};
/* End PBXShellScriptBuildPhase section */

/* Begin PBXSourcesBuildPhase section */
		B0E202D72048045B00600E2E /* Sources */ = {
			isa = PBXSourcesBuildPhase;
			buildActionMask = 2147483647;
			files = (
				B0E202E12048045B00600E2E /* ViewController.swift in Sources */,
				B0E202F92048453F00600E2E /* MovieDetailViewController.swift in Sources */,
				B0E202DF2048045B00600E2E /* AppDelegate.swift in Sources */,
				B0E202F320480CCD00600E2E /* NetworkService.swift in Sources */,
				B019B1D0204963140042F27A /* FavoriteMoviesTableViewController.swift in Sources */,
				B0E202F12048088300600E2E /* Movie.swift in Sources */,
				B0E202FF204955C900600E2E /* MovieTableViewCell.swift in Sources */,
				B019B1D22049B5720042F27A /* CustomUIView.swift in Sources */,
				B0E202FB20486EF500600E2E /* JSONRoot.swift in Sources */,
			);
			runOnlyForDeploymentPostprocessing = 0;
		};
/* End PBXSourcesBuildPhase section */

/* Begin PBXVariantGroup section */
		B0E202E22048045B00600E2E /* Main.storyboard */ = {
			isa = PBXVariantGroup;
			children = (
				B0E202E32048045B00600E2E /* Base */,
			);
			name = Main.storyboard;
			sourceTree = "<group>";
		};
		B0E202E72048045B00600E2E /* LaunchScreen.storyboard */ = {
			isa = PBXVariantGroup;
			children = (
				B0E202E82048045B00600E2E /* Base */,
			);
			name = LaunchScreen.storyboard;
			sourceTree = "<group>";
		};
/* End PBXVariantGroup section */

/* Begin XCBuildConfiguration section */
		B0E202EB2048045B00600E2E /* Debug */ = {
			isa = XCBuildConfiguration;
			buildSettings = {
				ALWAYS_SEARCH_USER_PATHS = NO;
				CLANG_ANALYZER_NONNULL = YES;
				CLANG_ANALYZER_NUMBER_OBJECT_CONVERSION = YES_AGGRESSIVE;
				CLANG_CXX_LANGUAGE_STANDARD = "gnu++14";
				CLANG_CXX_LIBRARY = "libc++";
				CLANG_ENABLE_MODULES = YES;
				CLANG_ENABLE_OBJC_ARC = YES;
				CLANG_WARN_BLOCK_CAPTURE_AUTORELEASING = YES;
				CLANG_WARN_BOOL_CONVERSION = YES;
				CLANG_WARN_COMMA = YES;
				CLANG_WARN_CONSTANT_CONVERSION = YES;
				CLANG_WARN_DIRECT_OBJC_ISA_USAGE = YES_ERROR;
				CLANG_WARN_DOCUMENTATION_COMMENTS = YES;
				CLANG_WARN_EMPTY_BODY = YES;
				CLANG_WARN_ENUM_CONVERSION = YES;
				CLANG_WARN_INFINITE_RECURSION = YES;
				CLANG_WARN_INT_CONVERSION = YES;
				CLANG_WARN_NON_LITERAL_NULL_CONVERSION = YES;
				CLANG_WARN_OBJC_LITERAL_CONVERSION = YES;
				CLANG_WARN_OBJC_ROOT_CLASS = YES_ERROR;
				CLANG_WARN_RANGE_LOOP_ANALYSIS = YES;
				CLANG_WARN_STRICT_PROTOTYPES = YES;
				CLANG_WARN_SUSPICIOUS_MOVE = YES;
				CLANG_WARN_UNGUARDED_AVAILABILITY = YES_AGGRESSIVE;
				CLANG_WARN_UNREACHABLE_CODE = YES;
				CLANG_WARN__DUPLICATE_METHOD_MATCH = YES;
				CODE_SIGN_IDENTITY = "iPhone Developer";
				COPY_PHASE_STRIP = NO;
				DEBUG_INFORMATION_FORMAT = dwarf;
				ENABLE_STRICT_OBJC_MSGSEND = YES;
				ENABLE_TESTABILITY = YES;
				GCC_C_LANGUAGE_STANDARD = gnu11;
				GCC_DYNAMIC_NO_PIC = NO;
				GCC_NO_COMMON_BLOCKS = YES;
				GCC_OPTIMIZATION_LEVEL = 0;
				GCC_PREPROCESSOR_DEFINITIONS = (
					"DEBUG=1",
					"$(inherited)",
				);
				GCC_WARN_64_TO_32_BIT_CONVERSION = YES;
				GCC_WARN_ABOUT_RETURN_TYPE = YES_ERROR;
				GCC_WARN_UNDECLARED_SELECTOR = YES;
				GCC_WARN_UNINITIALIZED_AUTOS = YES_AGGRESSIVE;
				GCC_WARN_UNUSED_FUNCTION = YES;
				GCC_WARN_UNUSED_VARIABLE = YES;
				IPHONEOS_DEPLOYMENT_TARGET = 11.2;
				MTL_ENABLE_DEBUG_INFO = YES;
				ONLY_ACTIVE_ARCH = YES;
				SDKROOT = iphoneos;
				SWIFT_ACTIVE_COMPILATION_CONDITIONS = DEBUG;
				SWIFT_OPTIMIZATION_LEVEL = "-Onone";
			};
			name = Debug;
		};
		B0E202EC2048045B00600E2E /* Release */ = {
			isa = XCBuildConfiguration;
			buildSettings = {
				ALWAYS_SEARCH_USER_PATHS = NO;
				CLANG_ANALYZER_NONNULL = YES;
				CLANG_ANALYZER_NUMBER_OBJECT_CONVERSION = YES_AGGRESSIVE;
				CLANG_CXX_LANGUAGE_STANDARD = "gnu++14";
				CLANG_CXX_LIBRARY = "libc++";
				CLANG_ENABLE_MODULES = YES;
				CLANG_ENABLE_OBJC_ARC = YES;
				CLANG_WARN_BLOCK_CAPTURE_AUTORELEASING = YES;
				CLANG_WARN_BOOL_CONVERSION = YES;
				CLANG_WARN_COMMA = YES;
				CLANG_WARN_CONSTANT_CONVERSION = YES;
				CLANG_WARN_DIRECT_OBJC_ISA_USAGE = YES_ERROR;
				CLANG_WARN_DOCUMENTATION_COMMENTS = YES;
				CLANG_WARN_EMPTY_BODY = YES;
				CLANG_WARN_ENUM_CONVERSION = YES;
				CLANG_WARN_INFINITE_RECURSION = YES;
				CLANG_WARN_INT_CONVERSION = YES;
				CLANG_WARN_NON_LITERAL_NULL_CONVERSION = YES;
				CLANG_WARN_OBJC_LITERAL_CONVERSION = YES;
				CLANG_WARN_OBJC_ROOT_CLASS = YES_ERROR;
				CLANG_WARN_RANGE_LOOP_ANALYSIS = YES;
				CLANG_WARN_STRICT_PROTOTYPES = YES;
				CLANG_WARN_SUSPICIOUS_MOVE = YES;
				CLANG_WARN_UNGUARDED_AVAILABILITY = YES_AGGRESSIVE;
				CLANG_WARN_UNREACHABLE_CODE = YES;
				CLANG_WARN__DUPLICATE_METHOD_MATCH = YES;
				CODE_SIGN_IDENTITY = "iPhone Developer";
				COPY_PHASE_STRIP = NO;
				DEBUG_INFORMATION_FORMAT = "dwarf-with-dsym";
				ENABLE_NS_ASSERTIONS = NO;
				ENABLE_STRICT_OBJC_MSGSEND = YES;
				GCC_C_LANGUAGE_STANDARD = gnu11;
				GCC_NO_COMMON_BLOCKS = YES;
				GCC_WARN_64_TO_32_BIT_CONVERSION = YES;
				GCC_WARN_ABOUT_RETURN_TYPE = YES_ERROR;
				GCC_WARN_UNDECLARED_SELECTOR = YES;
				GCC_WARN_UNINITIALIZED_AUTOS = YES_AGGRESSIVE;
				GCC_WARN_UNUSED_FUNCTION = YES;
				GCC_WARN_UNUSED_VARIABLE = YES;
				IPHONEOS_DEPLOYMENT_TARGET = 11.2;
				MTL_ENABLE_DEBUG_INFO = NO;
				SDKROOT = iphoneos;
				SWIFT_OPTIMIZATION_LEVEL = "-Owholemodule";
				VALIDATE_PRODUCT = YES;
			};
			name = Release;
		};
		B0E202EE2048045B00600E2E /* Debug */ = {
			isa = XCBuildConfiguration;
			baseConfigurationReference = F2D1D26E8A816BD7098FE904 /* Pods-MovieBrowser.debug.xcconfig */;
			buildSettings = {
				ASSETCATALOG_COMPILER_APPICON_NAME = AppIcon;
				CODE_SIGN_STYLE = Automatic;
				INFOPLIST_FILE = MovieBrowser/Info.plist;
				LD_RUNPATH_SEARCH_PATHS = "$(inherited) @executable_path/Frameworks";
				PRODUCT_BUNDLE_IDENTIFIER = ma.fs.MovieBrowser;
				PRODUCT_NAME = "$(TARGET_NAME)";
				SWIFT_VERSION = 4.0;
				TARGETED_DEVICE_FAMILY = "1,2";
			};
			name = Debug;
		};
		B0E202EF2048045B00600E2E /* Release */ = {
			isa = XCBuildConfiguration;
			baseConfigurationReference = C35F51279BB342E8E4601AF8 /* Pods-MovieBrowser.release.xcconfig */;
			buildSettings = {
				ASSETCATALOG_COMPILER_APPICON_NAME = AppIcon;
				CODE_SIGN_STYLE = Automatic;
				INFOPLIST_FILE = MovieBrowser/Info.plist;
				LD_RUNPATH_SEARCH_PATHS = "$(inherited) @executable_path/Frameworks";
				PRODUCT_BUNDLE_IDENTIFIER = ma.fs.MovieBrowser;
				PRODUCT_NAME = "$(TARGET_NAME)";
				SWIFT_VERSION = 4.0;
				TARGETED_DEVICE_FAMILY = "1,2";
			};
			name = Release;
		};
/* End XCBuildConfiguration section */

/* Begin XCConfigurationList section */
		B0E202D62048045B00600E2E /* Build configuration list for PBXProject "MovieBrowser" */ = {
			isa = XCConfigurationList;
			buildConfigurations = (
				B0E202EB2048045B00600E2E /* Debug */,
				B0E202EC2048045B00600E2E /* Release */,
			);
			defaultConfigurationIsVisible = 0;
			defaultConfigurationName = Release;
		};
		B0E202ED2048045B00600E2E /* Build configuration list for PBXNativeTarget "MovieBrowser" */ = {
			isa = XCConfigurationList;
			buildConfigurations = (
				B0E202EE2048045B00600E2E /* Debug */,
				B0E202EF2048045B00600E2E /* Release */,
			);
			defaultConfigurationIsVisible = 0;
			defaultConfigurationName = Release;
		};
/* End XCConfigurationList section */
	};
	rootObject = B0E202D32048045B00600E2E /* Project object */;
}
